PODS:
  - Alamofire (4.5.1)
  - SwiftKeychainWrapper (3.0.1)

DEPENDENCIES:
  - Alamofire
  - SwiftKeychainWrapper

SPEC CHECKSUMS:
  Alamofire: 2d95912bf4c34f164fdfc335872e8c312acaea4a
  SwiftKeychainWrapper: 38952a3636320ae61bad3513cadd870929de7a4a

PODFILE CHECKSUM: e451773e7ade05039f8173bc334946e42983a9e2

COCOAPODS: 1.3.1
